
Microsoft Visual Studio Solution File, Format Version 12.00
# Visual Studio Version 17
VisualStudioVersion = 17.2.32526.322
MinimumVisualStudioVersion = 10.0.40219.1
Project("{2150E333-8FDC-42A3-9474-1A3956D46DE8}") = "Api", "Api", "{99C2F91A-E97A-4488-803C-2D8FAC80F166}"
EndProject
Project("{2150E333-8FDC-42A3-9474-1A3956D46DE8}") = "1.1 WebApi", "1.1 WebApi", "{30C1658C-FAA1-4F45-B298-777107696698}"
EndProject
Project("{FAE04EC0-301F-11D3-BF4B-00C04F79EFBC}") = "ApiWeb", "ApiWeb\ApiWeb.csproj", "{6E4F91C4-3F94-411F-82A0-F9C2C559E3D4}"
EndProject
Global
	GlobalSection(SolutionConfigurationPlatforms) = preSolution
		Debug|Any CPU = Debug|Any CPU
		Release|Any CPU = Release|Any CPU
	EndGlobalSection
	GlobalSection(ProjectConfigurationPlatforms) = postSolution
		{6E4F91C4-3F94-411F-82A0-F9C2C559E3D4}.Debug|Any CPU.ActiveCfg = Debug|Any CPU
		{6E4F91C4-3F94-411F-82A0-F9C2C559E3D4}.Debug|Any CPU.Build.0 = Debug|Any CPU
		{6E4F91C4-3F94-411F-82A0-F9C2C559E3D4}.Release|Any CPU.ActiveCfg = Release|Any CPU
		{6E4F91C4-3F94-411F-82A0-F9C2C559E3D4}.Release|Any CPU.Build.0 = Release|Any CPU
	EndGlobalSection
	GlobalSection(SolutionProperties) = preSolution
		HideSolutionNode = FALSE
	EndGlobalSection
	GlobalSection(NestedProjects) = preSolution
		{30C1658C-FAA1-4F45-B298-777107696698} = {99C2F91A-E97A-4488-803C-2D8FAC80F166}
		{6E4F91C4-3F94-411F-82A0-F9C2C559E3D4} = {30C1658C-FAA1-4F45-B298-777107696698}
	EndGlobalSection
	GlobalSection(ExtensibilityGlobals) = postSolution
		SolutionGuid = {956D923E-174C-4074-B507-CC6A8FA6D191}
	EndGlobalSection
EndGlobal
